
Microsoft Visual Studio Solution File, Format Version 12.00
# Visual Studio Version 17
VisualStudioVersion = 17.9.34616.47
MinimumVisualStudioVersion = 10.0.40219.1
Project("{FAE04EC0-301F-11D3-BF4B-00C04F79EFBC}") = "BL", "BL\BL.csproj", "{BE19CB30-73C2-4CEE-88F2-956D19B89A24}"
EndProject
Project("{FAE04EC0-301F-11D3-BF4B-00C04F79EFBC}") = "ML", "ML\ML.csproj", "{F6F15691-0FA5-42CE-AEA9-967B5FCC5822}"
EndProject
Project("{FAE04EC0-301F-11D3-BF4B-00C04F79EFBC}") = "DL", "DL\DL.csproj", "{7FE7AB0B-65CD-4ABC-AD37-5029F24C617C}"
EndProject
Project("{FAE04EC0-301F-11D3-BF4B-00C04F79EFBC}") = "PL", "PL\PL.csproj", "{0F2F290D-A824-4FFD-AA9C-BDCC3F19CFE4}"
EndProject
Project("{FAE04EC0-301F-11D3-BF4B-00C04F79EFBC}") = "DL_OleDB", "DL_OleDB\DL_OleDB.csproj", "{884D22BD-2D2B-4795-B7A6-C06FC03A6711}"
EndProject
Global
	GlobalSection(SolutionConfigurationPlatforms) = preSolution
		Debug|Any CPU = Debug|Any CPU
		Release|Any CPU = Release|Any CPU
	EndGlobalSection
	GlobalSection(ProjectConfigurationPlatforms) = postSolution
		{BE19CB30-73C2-4CEE-88F2-956D19B89A24}.Debug|Any CPU.ActiveCfg = Debug|Any CPU
		{BE19CB30-73C2-4CEE-88F2-956D19B89A24}.Debug|Any CPU.Build.0 = Debug|Any CPU
		{BE19CB30-73C2-4CEE-88F2-956D19B89A24}.Release|Any CPU.ActiveCfg = Release|Any CPU
		{BE19CB30-73C2-4CEE-88F2-956D19B89A24}.Release|Any CPU.Build.0 = Release|Any CPU
		{F6F15691-0FA5-42CE-AEA9-967B5FCC5822}.Debug|Any CPU.ActiveCfg = Debug|Any CPU
		{F6F15691-0FA5-42CE-AEA9-967B5FCC5822}.Debug|Any CPU.Build.0 = Debug|Any CPU
		{F6F15691-0FA5-42CE-AEA9-967B5FCC5822}.Release|Any CPU.ActiveCfg = Release|Any CPU
		{F6F15691-0FA5-42CE-AEA9-967B5FCC5822}.Release|Any CPU.Build.0 = Release|Any CPU
		{7FE7AB0B-65CD-4ABC-AD37-5029F24C617C}.Debug|Any CPU.ActiveCfg = Debug|Any CPU
		{7FE7AB0B-65CD-4ABC-AD37-5029F24C617C}.Debug|Any CPU.Build.0 = Debug|Any CPU
		{7FE7AB0B-65CD-4ABC-AD37-5029F24C617C}.Release|Any CPU.ActiveCfg = Release|Any CPU
		{7FE7AB0B-65CD-4ABC-AD37-5029F24C617C}.Release|Any CPU.Build.0 = Release|Any CPU
		{0F2F290D-A824-4FFD-AA9C-BDCC3F19CFE4}.Debug|Any CPU.ActiveCfg = Debug|Any CPU
		{0F2F290D-A824-4FFD-AA9C-BDCC3F19CFE4}.Debug|Any CPU.Build.0 = Debug|Any CPU
		{0F2F290D-A824-4FFD-AA9C-BDCC3F19CFE4}.Release|Any CPU.ActiveCfg = Release|Any CPU
		{0F2F290D-A824-4FFD-AA9C-BDCC3F19CFE4}.Release|Any CPU.Build.0 = Release|Any CPU
		{884D22BD-2D2B-4795-B7A6-C06FC03A6711}.Debug|Any CPU.ActiveCfg = Debug|Any CPU
		{884D22BD-2D2B-4795-B7A6-C06FC03A6711}.Debug|Any CPU.Build.0 = Debug|Any CPU
		{884D22BD-2D2B-4795-B7A6-C06FC03A6711}.Release|Any CPU.ActiveCfg = Release|Any CPU
		{884D22BD-2D2B-4795-B7A6-C06FC03A6711}.Release|Any CPU.Build.0 = Release|Any CPU
	EndGlobalSection
	GlobalSection(SolutionProperties) = preSolution
		HideSolutionNode = FALSE
	EndGlobalSection
	GlobalSection(ExtensibilityGlobals) = postSolution
		SolutionGuid = {289E0E2B-0C1D-4345-B7AD-34A0A082C40F}
	EndGlobalSection
EndGlobal
